// !$*UTF8*$!
{
	archiveVersion = 1;
	classes = {
	};
	objectVersion = 46;
	objects = {

/* Begin PBXBuildFile section */
		060503061CA6217C00642FC0 /* LeftJoystickView.xib in Resources */ = {isa = PBXBuildFile; fileRef = 060503051CA6217C00642FC0 /* LeftJoystickView.xib */; };
		060503081CA6229900642FC0 /* LeftJoystickView.swift in Sources */ = {isa = PBXBuildFile; fileRef = 060503071CA6229900642FC0 /* LeftJoystickView.swift */; };
		0605030F1CA6D5CB00642FC0 /* RightJoystickView.xib in Resources */ = {isa = PBXBuildFile; fileRef = 0605030E1CA6D5CB00642FC0 /* RightJoystickView.xib */; };
		065A5F4F1CA2F9E900BED250 /* AppDelegate.swift in Sources */ = {isa = PBXBuildFile; fileRef = 065A5F4E1CA2F9E900BED250 /* AppDelegate.swift */; };
		065A5F541CA2F9E900BED250 /* Main.storyboard in Resources */ = {isa = PBXBuildFile; fileRef = 065A5F521CA2F9E900BED250 /* Main.storyboard */; };
		065A5F561CA2F9E900BED250 /* Assets.xcassets in Resources */ = {isa = PBXBuildFile; fileRef = 065A5F551CA2F9E900BED250 /* Assets.xcassets */; };
		065A5F591CA2F9E900BED250 /* LaunchScreen.storyboard in Resources */ = {isa = PBXBuildFile; fileRef = 065A5F571CA2F9E900BED250 /* LaunchScreen.storyboard */; };
		065A5F641CA2F9E900BED250 /* STEMITests.swift in Sources */ = {isa = PBXBuildFile; fileRef = 065A5F631CA2F9E900BED250 /* STEMITests.swift */; };
		065A5F6F1CA2F9EA00BED250 /* STEMIUITests.swift in Sources */ = {isa = PBXBuildFile; fileRef = 065A5F6E1CA2F9EA00BED250 /* STEMIUITests.swift */; };
		065A5F7F1CA30D2D00BED250 /* ProximaNova-Regular.otf in Resources */ = {isa = PBXBuildFile; fileRef = 065A5F7E1CA3076B00BED250 /* ProximaNova-Regular.otf */; };
		065A5F821CA315D900BED250 /* JoystickViewController.swift in Sources */ = {isa = PBXBuildFile; fileRef = 065A5F811CA315D900BED250 /* JoystickViewController.swift */; };
		0680B4D81D5FCB7300A7525C /* IPTextField.swift in Sources */ = {isa = PBXBuildFile; fileRef = 0680B4D71D5FCB7300A7525C /* IPTextField.swift */; };
		0682DBAD1CE8883D004DDA3B /* ToastNotification.swift in Sources */ = {isa = PBXBuildFile; fileRef = 0682DBAC1CE8883D004DDA3B /* ToastNotification.swift */; };
		06A417991CEC847B000B7320 /* ConnectionScreenViewController.swift in Sources */ = {isa = PBXBuildFile; fileRef = 06A417981CEC847B000B7320 /* ConnectionScreenViewController.swift */; };
		06C948AF1D57767E0015F017 /* SettingsViewController.swift in Sources */ = {isa = PBXBuildFile; fileRef = 06C948AE1D57767E0015F017 /* SettingsViewController.swift */; };
		06C948B11D5785870015F017 /* SettingsTableViewController.swift in Sources */ = {isa = PBXBuildFile; fileRef = 06C948B01D5785870015F017 /* SettingsTableViewController.swift */; };
		06C948B41D578D6C0015F017 /* SettingsIPViewController.swift in Sources */ = {isa = PBXBuildFile; fileRef = 06C948B31D578D6C0015F017 /* SettingsIPViewController.swift */; };
		06D5AA411D6087B300635688 /* Constants.swift in Sources */ = {isa = PBXBuildFile; fileRef = 06D5AA401D6087B300635688 /* Constants.swift */; };
		06D5AA431D6087FB00635688 /* UserDefaultsHandler.swift in Sources */ = {isa = PBXBuildFile; fileRef = 06D5AA421D6087FB00635688 /* UserDefaultsHandler.swift */; };
		06E668E01CE13EC500AD4A7B /* tiu.wav in Resources */ = {isa = PBXBuildFile; fileRef = 06E668DE1CE13EC500AD4A7B /* tiu.wav */; };
		06E668E61CE143F400AD4A7B /* puk.wav in Resources */ = {isa = PBXBuildFile; fileRef = 06E668E51CE143F400AD4A7B /* puk.wav */; };
		06F364E91CE0D43600BAB70B /* Menu.swift in Sources */ = {isa = PBXBuildFile; fileRef = 06F364E81CE0D43600BAB70B /* Menu.swift */; };
		06F364EB1CE0D45D00BAB70B /* Menu.xib in Resources */ = {isa = PBXBuildFile; fileRef = 06F364EA1CE0D45D00BAB70B /* Menu.xib */; };
		06F790F91CE5EFFF00CCC2E9 /* RightJoystickView.swift in Sources */ = {isa = PBXBuildFile; fileRef = 06F790F81CE5EFFF00CCC2E9 /* RightJoystickView.swift */; };
		E9077B90ED152FCBEB5202C6 /* Pods_STEMI.framework in Frameworks */ = {isa = PBXBuildFile; fileRef = 4C73E9E50AA48F52B976893B /* Pods_STEMI.framework */; };
/* End PBXBuildFile section */

/* Begin PBXContainerItemProxy section */
		065A5F601CA2F9E900BED250 /* PBXContainerItemProxy */ = {
			isa = PBXContainerItemProxy;
			containerPortal = 065A5F431CA2F9E900BED250 /* Project object */;
			proxyType = 1;
			remoteGlobalIDString = 065A5F4A1CA2F9E900BED250;
			remoteInfo = STEMI;
		};
		065A5F6B1CA2F9E900BED250 /* PBXContainerItemProxy */ = {
			isa = PBXContainerItemProxy;
			containerPortal = 065A5F431CA2F9E900BED250 /* Project object */;
			proxyType = 1;
			remoteGlobalIDString = 065A5F4A1CA2F9E900BED250;
			remoteInfo = STEMI;
		};
/* End PBXContainerItemProxy section */

/* Begin PBXFileReference section */
		060503051CA6217C00642FC0 /* LeftJoystickView.xib */ = {isa = PBXFileReference; fileEncoding = 4; lastKnownFileType = file.xib; path = LeftJoystickView.xib; sourceTree = "<group>"; };
		060503071CA6229900642FC0 /* LeftJoystickView.swift */ = {isa = PBXFileReference; fileEncoding = 4; lastKnownFileType = sourcecode.swift; path = LeftJoystickView.swift; sourceTree = "<group>"; };
		0605030E1CA6D5CB00642FC0 /* RightJoystickView.xib */ = {isa = PBXFileReference; fileEncoding = 4; lastKnownFileType = file.xib; path = RightJoystickView.xib; sourceTree = "<group>"; };
		063627CF1CB3F26C0039E096 /* STEMI-Bridging-Header.h */ = {isa = PBXFileReference; lastKnownFileType = sourcecode.c.h; path = "STEMI-Bridging-Header.h"; sourceTree = "<group>"; };
		065A5F4B1CA2F9E900BED250 /* STEMI.app */ = {isa = PBXFileReference; explicitFileType = wrapper.application; includeInIndex = 0; path = STEMI.app; sourceTree = BUILT_PRODUCTS_DIR; };
		065A5F4E1CA2F9E900BED250 /* AppDelegate.swift */ = {isa = PBXFileReference; lastKnownFileType = sourcecode.swift; path = AppDelegate.swift; sourceTree = "<group>"; };
		065A5F531CA2F9E900BED250 /* Base */ = {isa = PBXFileReference; lastKnownFileType = file.storyboard; name = Base; path = Base.lproj/Main.storyboard; sourceTree = "<group>"; };
		065A5F551CA2F9E900BED250 /* Assets.xcassets */ = {isa = PBXFileReference; lastKnownFileType = folder.assetcatalog; path = Assets.xcassets; sourceTree = "<group>"; };
		065A5F581CA2F9E900BED250 /* Base */ = {isa = PBXFileReference; lastKnownFileType = file.storyboard; name = Base; path = Base.lproj/LaunchScreen.storyboard; sourceTree = "<group>"; };
		065A5F5A1CA2F9E900BED250 /* Info.plist */ = {isa = PBXFileReference; lastKnownFileType = text.plist.xml; path = Info.plist; sourceTree = "<group>"; };
		065A5F5F1CA2F9E900BED250 /* STEMITests.xctest */ = {isa = PBXFileReference; explicitFileType = wrapper.cfbundle; includeInIndex = 0; path = STEMITests.xctest; sourceTree = BUILT_PRODUCTS_DIR; };
		065A5F631CA2F9E900BED250 /* STEMITests.swift */ = {isa = PBXFileReference; lastKnownFileType = sourcecode.swift; path = STEMITests.swift; sourceTree = "<group>"; };
		065A5F651CA2F9E900BED250 /* Info.plist */ = {isa = PBXFileReference; lastKnownFileType = text.plist.xml; path = Info.plist; sourceTree = "<group>"; };
		065A5F6A1CA2F9E900BED250 /* STEMIUITests.xctest */ = {isa = PBXFileReference; explicitFileType = wrapper.cfbundle; includeInIndex = 0; path = STEMIUITests.xctest; sourceTree = BUILT_PRODUCTS_DIR; };
		065A5F6E1CA2F9EA00BED250 /* STEMIUITests.swift */ = {isa = PBXFileReference; lastKnownFileType = sourcecode.swift; path = STEMIUITests.swift; sourceTree = "<group>"; };
		065A5F701CA2F9EA00BED250 /* Info.plist */ = {isa = PBXFileReference; lastKnownFileType = text.plist.xml; path = Info.plist; sourceTree = "<group>"; };
		065A5F7E1CA3076B00BED250 /* ProximaNova-Regular.otf */ = {isa = PBXFileReference; lastKnownFileType = file; path = "ProximaNova-Regular.otf"; sourceTree = "<group>"; };
		065A5F811CA315D900BED250 /* JoystickViewController.swift */ = {isa = PBXFileReference; fileEncoding = 4; lastKnownFileType = sourcecode.swift; path = JoystickViewController.swift; sourceTree = "<group>"; };
		0680B4D71D5FCB7300A7525C /* IPTextField.swift */ = {isa = PBXFileReference; fileEncoding = 4; lastKnownFileType = sourcecode.swift; path = IPTextField.swift; sourceTree = "<group>"; };
		0682DBAC1CE8883D004DDA3B /* ToastNotification.swift */ = {isa = PBXFileReference; fileEncoding = 4; lastKnownFileType = sourcecode.swift; path = ToastNotification.swift; sourceTree = "<group>"; };
		069F01E91CCC136D0034676D /* STEMIHexapod.framework */ = {isa = PBXFileReference; lastKnownFileType = wrapper.framework; name = STEMIHexapod.framework; path = "../../../../Developer/Xcode/DerivedData/STEMI-gsqfddrtuvurvgazhvldvkvkblzg/Build/Products/Debug-iphonesimulator/STEMIHexapod.framework"; sourceTree = "<group>"; };
		069F01EC1CCC1B570034676D /* STEMIHexapod.framework */ = {isa = PBXFileReference; lastKnownFileType = wrapper.framework; name = STEMIHexapod.framework; path = "Pods/../build/Debug-iphoneos/STEMIHexapod.framework"; sourceTree = "<group>"; };
		06A417981CEC847B000B7320 /* ConnectionScreenViewController.swift */ = {isa = PBXFileReference; fileEncoding = 4; lastKnownFileType = sourcecode.swift; path = ConnectionScreenViewController.swift; sourceTree = "<group>"; };
		06C948AE1D57767E0015F017 /* SettingsViewController.swift */ = {isa = PBXFileReference; fileEncoding = 4; lastKnownFileType = sourcecode.swift; path = SettingsViewController.swift; sourceTree = "<group>"; };
		06C948B01D5785870015F017 /* SettingsTableViewController.swift */ = {isa = PBXFileReference; fileEncoding = 4; lastKnownFileType = sourcecode.swift; path = SettingsTableViewController.swift; sourceTree = "<group>"; };
		06C948B31D578D6C0015F017 /* SettingsIPViewController.swift */ = {isa = PBXFileReference; fileEncoding = 4; lastKnownFileType = sourcecode.swift; path = SettingsIPViewController.swift; sourceTree = "<group>"; };
		06D5AA401D6087B300635688 /* Constants.swift */ = {isa = PBXFileReference; fileEncoding = 4; lastKnownFileType = sourcecode.swift; path = Constants.swift; sourceTree = "<group>"; };
		06D5AA421D6087FB00635688 /* UserDefaultsHandler.swift */ = {isa = PBXFileReference; fileEncoding = 4; lastKnownFileType = sourcecode.swift; path = UserDefaultsHandler.swift; sourceTree = "<group>"; };
		06E668DE1CE13EC500AD4A7B /* tiu.wav */ = {isa = PBXFileReference; lastKnownFileType = audio.wav; path = tiu.wav; sourceTree = "<group>"; };
		06E668E51CE143F400AD4A7B /* puk.wav */ = {isa = PBXFileReference; lastKnownFileType = audio.wav; path = puk.wav; sourceTree = "<group>"; };
		06F364E81CE0D43600BAB70B /* Menu.swift */ = {isa = PBXFileReference; fileEncoding = 4; lastKnownFileType = sourcecode.swift; path = Menu.swift; sourceTree = "<group>"; };
		06F364EA1CE0D45D00BAB70B /* Menu.xib */ = {isa = PBXFileReference; fileEncoding = 4; lastKnownFileType = file.xib; path = Menu.xib; sourceTree = "<group>"; };
		06F790F81CE5EFFF00CCC2E9 /* RightJoystickView.swift */ = {isa = PBXFileReference; fileEncoding = 4; lastKnownFileType = sourcecode.swift; path = RightJoystickView.swift; sourceTree = "<group>"; };
		3B9A0E0426C50B878F18B941 /* Pods-STEMI.debug.xcconfig */ = {isa = PBXFileReference; includeInIndex = 1; lastKnownFileType = text.xcconfig; name = "Pods-STEMI.debug.xcconfig"; path = "Pods/Target Support Files/Pods-STEMI/Pods-STEMI.debug.xcconfig"; sourceTree = "<group>"; };
		4C73E9E50AA48F52B976893B /* Pods_STEMI.framework */ = {isa = PBXFileReference; explicitFileType = wrapper.framework; includeInIndex = 0; path = Pods_STEMI.framework; sourceTree = BUILT_PRODUCTS_DIR; };
		61A0678F21A8CADD8B523230 /* Pods-STEMI.release.xcconfig */ = {isa = PBXFileReference; includeInIndex = 1; lastKnownFileType = text.xcconfig; name = "Pods-STEMI.release.xcconfig"; path = "Pods/Target Support Files/Pods-STEMI/Pods-STEMI.release.xcconfig"; sourceTree = "<group>"; };
/* End PBXFileReference section */

/* Begin PBXFrameworksBuildPhase section */
		065A5F481CA2F9E900BED250 /* Frameworks */ = {
			isa = PBXFrameworksBuildPhase;
			buildActionMask = 2147483647;
			files = (
				E9077B90ED152FCBEB5202C6 /* Pods_STEMI.framework in Frameworks */,
			);
			runOnlyForDeploymentPostprocessing = 0;
		};
		065A5F5C1CA2F9E900BED250 /* Frameworks */ = {
			isa = PBXFrameworksBuildPhase;
			buildActionMask = 2147483647;
			files = (
			);
			runOnlyForDeploymentPostprocessing = 0;
		};
		065A5F671CA2F9E900BED250 /* Frameworks */ = {
			isa = PBXFrameworksBuildPhase;
			buildActionMask = 2147483647;
			files = (
			);
			runOnlyForDeploymentPostprocessing = 0;
		};
/* End PBXFrameworksBuildPhase section */

/* Begin PBXGroup section */
		065A5F421CA2F9E900BED250 = {
			isa = PBXGroup;
			children = (
				065A5F4D1CA2F9E900BED250 /* STEMI */,
				065A5F621CA2F9E900BED250 /* STEMITests */,
				065A5F6D1CA2F9E900BED250 /* STEMIUITests */,
				065A5F4C1CA2F9E900BED250 /* Products */,
				608F0A54A32C39406D5EC5A0 /* Frameworks */,
				62381AC540220B3059C323C9 /* Pods */,
			);
			sourceTree = "<group>";
		};
		065A5F4C1CA2F9E900BED250 /* Products */ = {
			isa = PBXGroup;
			children = (
				065A5F4B1CA2F9E900BED250 /* STEMI.app */,
				065A5F5F1CA2F9E900BED250 /* STEMITests.xctest */,
				065A5F6A1CA2F9E900BED250 /* STEMIUITests.xctest */,
			);
			name = Products;
			sourceTree = "<group>";
		};
		065A5F4D1CA2F9E900BED250 /* STEMI */ = {
			isa = PBXGroup;
			children = (
				065A5F4E1CA2F9E900BED250 /* AppDelegate.swift */,
				065A5F521CA2F9E900BED250 /* Main.storyboard */,
				06D5AA3D1D60878300635688 /* Helpers */,
				06A417951CEC8373000B7320 /* Connection Screen */,
				0675D1251CE34A54002687E8 /* Joystick */,
				06C948B21D57858F0015F017 /* Settings */,
				065A5F551CA2F9E900BED250 /* Assets.xcassets */,
				065A5F571CA2F9E900BED250 /* LaunchScreen.storyboard */,
				0675D1241CE34A0E002687E8 /* Supporting Files */,
			);
			path = STEMI;
			sourceTree = "<group>";
		};
		065A5F621CA2F9E900BED250 /* STEMITests */ = {
			isa = PBXGroup;
			children = (
				065A5F631CA2F9E900BED250 /* STEMITests.swift */,
				065A5F651CA2F9E900BED250 /* Info.plist */,
			);
			path = STEMITests;
			sourceTree = "<group>";
		};
		065A5F6D1CA2F9E900BED250 /* STEMIUITests */ = {
			isa = PBXGroup;
			children = (
				065A5F6E1CA2F9EA00BED250 /* STEMIUITests.swift */,
				065A5F701CA2F9EA00BED250 /* Info.plist */,
			);
			path = STEMIUITests;
			sourceTree = "<group>";
		};
		065A5F7D1CA3075000BED250 /* CustomFont */ = {
			isa = PBXGroup;
			children = (
				065A5F7E1CA3076B00BED250 /* ProximaNova-Regular.otf */,
			);
			name = CustomFont;
			sourceTree = "<group>";
		};
		0675D1241CE34A0E002687E8 /* Supporting Files */ = {
			isa = PBXGroup;
			children = (
				06E668DC1CE13EB700AD4A7B /* Sounds */,
				065A5F7D1CA3075000BED250 /* CustomFont */,
				065A5F5A1CA2F9E900BED250 /* Info.plist */,
				063627CF1CB3F26C0039E096 /* STEMI-Bridging-Header.h */,
			);
			name = "Supporting Files";
			sourceTree = "<group>";
		};
		0675D1251CE34A54002687E8 /* Joystick */ = {
			isa = PBXGroup;
			children = (
				065A5F811CA315D900BED250 /* JoystickViewController.swift */,
				060503051CA6217C00642FC0 /* LeftJoystickView.xib */,
				060503071CA6229900642FC0 /* LeftJoystickView.swift */,
				0605030E1CA6D5CB00642FC0 /* RightJoystickView.xib */,
				06F790F81CE5EFFF00CCC2E9 /* RightJoystickView.swift */,
				06E9980A1CE3B0EC00B0676F /* Menu */,
			);
			name = Joystick;
			sourceTree = "<group>";
		};
		06A417951CEC8373000B7320 /* Connection Screen */ = {
			isa = PBXGroup;
			children = (
				06A417981CEC847B000B7320 /* ConnectionScreenViewController.swift */,
			);
			name = "Connection Screen";
			sourceTree = "<group>";
		};
		06C948B21D57858F0015F017 /* Settings */ = {
			isa = PBXGroup;
			children = (
				06C948AE1D57767E0015F017 /* SettingsViewController.swift */,
				06C948B01D5785870015F017 /* SettingsTableViewController.swift */,
				06C948B31D578D6C0015F017 /* SettingsIPViewController.swift */,
				0680B4D71D5FCB7300A7525C /* IPTextField.swift */,
			);
			name = Settings;
			sourceTree = "<group>";
		};
		06D5AA3D1D60878300635688 /* Helpers */ = {
			isa = PBXGroup;
			children = (
				06D5AA401D6087B300635688 /* Constants.swift */,
				06D5AA421D6087FB00635688 /* UserDefaultsHandler.swift */,
			);
			name = Helpers;
			sourceTree = "<group>";
		};
		06E668DC1CE13EB700AD4A7B /* Sounds */ = {
			isa = PBXGroup;
			children = (
				06E668E51CE143F400AD4A7B /* puk.wav */,
				06E668DE1CE13EC500AD4A7B /* tiu.wav */,
			);
			name = Sounds;
			sourceTree = "<group>";
		};
		06E9980A1CE3B0EC00B0676F /* Menu */ = {
			isa = PBXGroup;
			children = (
				06F364EA1CE0D45D00BAB70B /* Menu.xib */,
				06F364E81CE0D43600BAB70B /* Menu.swift */,
				0682DBAC1CE8883D004DDA3B /* ToastNotification.swift */,
			);
			name = Menu;
			sourceTree = "<group>";
		};
		608F0A54A32C39406D5EC5A0 /* Frameworks */ = {
			isa = PBXGroup;
			children = (
				069F01EC1CCC1B570034676D /* STEMIHexapod.framework */,
				069F01E91CCC136D0034676D /* STEMIHexapod.framework */,
				4C73E9E50AA48F52B976893B /* Pods_STEMI.framework */,
			);
			name = Frameworks;
			sourceTree = "<group>";
		};
		62381AC540220B3059C323C9 /* Pods */ = {
			isa = PBXGroup;
			children = (
				3B9A0E0426C50B878F18B941 /* Pods-STEMI.debug.xcconfig */,
				61A0678F21A8CADD8B523230 /* Pods-STEMI.release.xcconfig */,
			);
			name = Pods;
			sourceTree = "<group>";
		};
/* End PBXGroup section */

/* Begin PBXNativeTarget section */
		065A5F4A1CA2F9E900BED250 /* STEMI */ = {
			isa = PBXNativeTarget;
			buildConfigurationList = 065A5F731CA2F9EA00BED250 /* Build configuration list for PBXNativeTarget "STEMI" */;
			buildPhases = (
				2D90454FBFEB601A2FAD0D73 /* [CP] Check Pods Manifest.lock */,
				065A5F471CA2F9E900BED250 /* Sources */,
				065A5F481CA2F9E900BED250 /* Frameworks */,
				065A5F491CA2F9E900BED250 /* Resources */,
				065A5F7C1CA301B900BED250 /* ShellScript */,
				06B4C1531CB6E73700F68BBC /* ShellScript */,
				262701F1851F81B5FFE35B92 /* [CP] Embed Pods Frameworks */,
				BDB766FEA2F7AFE74A579D45 /* [CP] Copy Pods Resources */,
			);
			buildRules = (
			);
			dependencies = (
			);
			name = STEMI;
			productName = STEMI;
			productReference = 065A5F4B1CA2F9E900BED250 /* STEMI.app */;
			productType = "com.apple.product-type.application";
		};
		065A5F5E1CA2F9E900BED250 /* STEMITests */ = {
			isa = PBXNativeTarget;
			buildConfigurationList = 065A5F761CA2F9EA00BED250 /* Build configuration list for PBXNativeTarget "STEMITests" */;
			buildPhases = (
				065A5F5B1CA2F9E900BED250 /* Sources */,
				065A5F5C1CA2F9E900BED250 /* Frameworks */,
				065A5F5D1CA2F9E900BED250 /* Resources */,
			);
			buildRules = (
			);
			dependencies = (
				065A5F611CA2F9E900BED250 /* PBXTargetDependency */,
			);
			name = STEMITests;
			productName = STEMITests;
			productReference = 065A5F5F1CA2F9E900BED250 /* STEMITests.xctest */;
			productType = "com.apple.product-type.bundle.unit-test";
		};
		065A5F691CA2F9E900BED250 /* STEMIUITests */ = {
			isa = PBXNativeTarget;
			buildConfigurationList = 065A5F791CA2F9EA00BED250 /* Build configuration list for PBXNativeTarget "STEMIUITests" */;
			buildPhases = (
				065A5F661CA2F9E900BED250 /* Sources */,
				065A5F671CA2F9E900BED250 /* Frameworks */,
				065A5F681CA2F9E900BED250 /* Resources */,
			);
			buildRules = (
			);
			dependencies = (
				065A5F6C1CA2F9E900BED250 /* PBXTargetDependency */,
			);
			name = STEMIUITests;
			productName = STEMIUITests;
			productReference = 065A5F6A1CA2F9E900BED250 /* STEMIUITests.xctest */;
			productType = "com.apple.product-type.bundle.ui-testing";
		};
/* End PBXNativeTarget section */

/* Begin PBXProject section */
		065A5F431CA2F9E900BED250 /* Project object */ = {
			isa = PBXProject;
			attributes = {
				LastSwiftUpdateCheck = 0730;
				LastUpgradeCheck = 0730;
				ORGANIZATIONNAME = "Jasmin Abou Aldan";
				TargetAttributes = {
					065A5F4A1CA2F9E900BED250 = {
						CreatedOnToolsVersion = 7.3;
						DevelopmentTeam = 9ZQJ38F5V6;
					};
					065A5F5E1CA2F9E900BED250 = {
						CreatedOnToolsVersion = 7.3;
						TestTargetID = 065A5F4A1CA2F9E900BED250;
					};
					065A5F691CA2F9E900BED250 = {
						CreatedOnToolsVersion = 7.3;
						TestTargetID = 065A5F4A1CA2F9E900BED250;
					};
				};
			};
			buildConfigurationList = 065A5F461CA2F9E900BED250 /* Build configuration list for PBXProject "STEMI" */;
			compatibilityVersion = "Xcode 3.2";
			developmentRegion = English;
			hasScannedForEncodings = 0;
			knownRegions = (
				en,
				Base,
			);
			mainGroup = 065A5F421CA2F9E900BED250;
			productRefGroup = 065A5F4C1CA2F9E900BED250 /* Products */;
			projectDirPath = "";
			projectRoot = "";
			targets = (
				065A5F4A1CA2F9E900BED250 /* STEMI */,
				065A5F5E1CA2F9E900BED250 /* STEMITests */,
				065A5F691CA2F9E900BED250 /* STEMIUITests */,
			);
		};
/* End PBXProject section */

/* Begin PBXResourcesBuildPhase section */
		065A5F491CA2F9E900BED250 /* Resources */ = {
			isa = PBXResourcesBuildPhase;
			buildActionMask = 2147483647;
			files = (
				065A5F591CA2F9E900BED250 /* LaunchScreen.storyboard in Resources */,
				065A5F7F1CA30D2D00BED250 /* ProximaNova-Regular.otf in Resources */,
				0605030F1CA6D5CB00642FC0 /* RightJoystickView.xib in Resources */,
				06E668E01CE13EC500AD4A7B /* tiu.wav in Resources */,
				065A5F561CA2F9E900BED250 /* Assets.xcassets in Resources */,
				06F364EB1CE0D45D00BAB70B /* Menu.xib in Resources */,
				06E668E61CE143F400AD4A7B /* puk.wav in Resources */,
				065A5F541CA2F9E900BED250 /* Main.storyboard in Resources */,
				060503061CA6217C00642FC0 /* LeftJoystickView.xib in Resources */,
			);
			runOnlyForDeploymentPostprocessing = 0;
		};
		065A5F5D1CA2F9E900BED250 /* Resources */ = {
			isa = PBXResourcesBuildPhase;
			buildActionMask = 2147483647;
			files = (
			);
			runOnlyForDeploymentPostprocessing = 0;
		};
		065A5F681CA2F9E900BED250 /* Resources */ = {
			isa = PBXResourcesBuildPhase;
			buildActionMask = 2147483647;
			files = (
			);
			runOnlyForDeploymentPostprocessing = 0;
		};
/* End PBXResourcesBuildPhase section */

/* Begin PBXShellScriptBuildPhase section */
		065A5F7C1CA301B900BED250 /* ShellScript */ = {
			isa = PBXShellScriptBuildPhase;
			buildActionMask = 2147483647;
			files = (
			);
			inputPaths = (
			);
			outputPaths = (
			);
			runOnlyForDeploymentPostprocessing = 0;
			shellPath = /bin/sh;
			shellScript = "\"${PODS_ROOT}/Fabric/run\" 530f4085ae719e7a9651dc41526d94e7804be9ca c1b816238fd9be85cb3340507dac66bd6d30a11f24051ee4748be0976d04e390";
		};
		06B4C1531CB6E73700F68BBC /* ShellScript */ = {
			isa = PBXShellScriptBuildPhase;
			buildActionMask = 2147483647;
			files = (
			);
			inputPaths = (
			);
			outputPaths = (
			);
			runOnlyForDeploymentPostprocessing = 0;
			shellPath = /bin/sh;
			shellScript = "TAGS=\"WARNING:|FIXME:\"\nfind \"${SRCROOT}\" \\( -name \"*.h\" -or -name \"*.m\" -or -name \"*.swift\" \\) -print0 | xargs -0 egrep --with-filename --line-number --only-matching \"($TAGS).*\\$\" | perl -p -e \"s/($TAGS)/ warning: \\$1/\"";
		};
		262701F1851F81B5FFE35B92 /* [CP] Embed Pods Frameworks */ = {
			isa = PBXShellScriptBuildPhase;
			buildActionMask = 2147483647;
			files = (
			);
			inputPaths = (
			);
			name = "[CP] Embed Pods Frameworks";
			outputPaths = (
			);
			runOnlyForDeploymentPostprocessing = 0;
			shellPath = /bin/sh;
			shellScript = "\"${SRCROOT}/Pods/Target Support Files/Pods-STEMI/Pods-STEMI-frameworks.sh\"\n";
			showEnvVarsInLog = 0;
		};
		2D90454FBFEB601A2FAD0D73 /* [CP] Check Pods Manifest.lock */ = {
			isa = PBXShellScriptBuildPhase;
			buildActionMask = 2147483647;
			files = (
			);
			inputPaths = (
			);
			name = "[CP] Check Pods Manifest.lock";
			outputPaths = (
			);
			runOnlyForDeploymentPostprocessing = 0;
			shellPath = /bin/sh;
			shellScript = "diff \"${PODS_ROOT}/../Podfile.lock\" \"${PODS_ROOT}/Manifest.lock\" > /dev/null\nif [[ $? != 0 ]] ; then\n    cat << EOM\nerror: The sandbox is not in sync with the Podfile.lock. Run 'pod install' or update your CocoaPods installation.\nEOM\n    exit 1\nfi\n";
			showEnvVarsInLog = 0;
		};
		BDB766FEA2F7AFE74A579D45 /* [CP] Copy Pods Resources */ = {
			isa = PBXShellScriptBuildPhase;
			buildActionMask = 2147483647;
			files = (
			);
			inputPaths = (
			);
			name = "[CP] Copy Pods Resources";
			outputPaths = (
			);
			runOnlyForDeploymentPostprocessing = 0;
			shellPath = /bin/sh;
			shellScript = "\"${SRCROOT}/Pods/Target Support Files/Pods-STEMI/Pods-STEMI-resources.sh\"\n";
			showEnvVarsInLog = 0;
		};
/* End PBXShellScriptBuildPhase section */

/* Begin PBXSourcesBuildPhase section */
		065A5F471CA2F9E900BED250 /* Sources */ = {
			isa = PBXSourcesBuildPhase;
			buildActionMask = 2147483647;
			files = (
				065A5F821CA315D900BED250 /* JoystickViewController.swift in Sources */,
				060503081CA6229900642FC0 /* LeftJoystickView.swift in Sources */,
				06A417991CEC847B000B7320 /* ConnectionScreenViewController.swift in Sources */,
				06F790F91CE5EFFF00CCC2E9 /* RightJoystickView.swift in Sources */,
				0682DBAD1CE8883D004DDA3B /* ToastNotification.swift in Sources */,
				065A5F4F1CA2F9E900BED250 /* AppDelegate.swift in Sources */,
				06F364E91CE0D43600BAB70B /* Menu.swift in Sources */,
				06C948AF1D57767E0015F017 /* SettingsViewController.swift in Sources */,
				06D5AA411D6087B300635688 /* Constants.swift in Sources */,
				06C948B41D578D6C0015F017 /* SettingsIPViewController.swift in Sources */,
				06C948B11D5785870015F017 /* SettingsTableViewController.swift in Sources */,
				0680B4D81D5FCB7300A7525C /* IPTextField.swift in Sources */,
				06D5AA431D6087FB00635688 /* UserDefaultsHandler.swift in Sources */,
			);
			runOnlyForDeploymentPostprocessing = 0;
		};
		065A5F5B1CA2F9E900BED250 /* Sources */ = {
			isa = PBXSourcesBuildPhase;
			buildActionMask = 2147483647;
			files = (
				065A5F641CA2F9E900BED250 /* STEMITests.swift in Sources */,
			);
			runOnlyForDeploymentPostprocessing = 0;
		};
		065A5F661CA2F9E900BED250 /* Sources */ = {
			isa = PBXSourcesBuildPhase;
			buildActionMask = 2147483647;
			files = (
				065A5F6F1CA2F9EA00BED250 /* STEMIUITests.swift in Sources */,
			);
			runOnlyForDeploymentPostprocessing = 0;
		};
/* End PBXSourcesBuildPhase section */

/* Begin PBXTargetDependency section */
		065A5F611CA2F9E900BED250 /* PBXTargetDependency */ = {
			isa = PBXTargetDependency;
			target = 065A5F4A1CA2F9E900BED250 /* STEMI */;
			targetProxy = 065A5F601CA2F9E900BED250 /* PBXContainerItemProxy */;
		};
		065A5F6C1CA2F9E900BED250 /* PBXTargetDependency */ = {
			isa = PBXTargetDependency;
			target = 065A5F4A1CA2F9E900BED250 /* STEMI */;
			targetProxy = 065A5F6B1CA2F9E900BED250 /* PBXContainerItemProxy */;
		};
/* End PBXTargetDependency section */

/* Begin PBXVariantGroup section */
		065A5F521CA2F9E900BED250 /* Main.storyboard */ = {
			isa = PBXVariantGroup;
			children = (
				065A5F531CA2F9E900BED250 /* Base */,
			);
			name = Main.storyboard;
			sourceTree = "<group>";
		};
		065A5F571CA2F9E900BED250 /* LaunchScreen.storyboard */ = {
			isa = PBXVariantGroup;
			children = (
				065A5F581CA2F9E900BED250 /* Base */,
			);
			name = LaunchScreen.storyboard;
			sourceTree = "<group>";
		};
/* End PBXVariantGroup section */

/* Begin XCBuildConfiguration section */
		065A5F711CA2F9EA00BED250 /* Debug */ = {
			isa = XCBuildConfiguration;
			buildSettings = {
				ALWAYS_SEARCH_USER_PATHS = NO;
				CLANG_ANALYZER_NONNULL = YES;
				CLANG_CXX_LANGUAGE_STANDARD = "gnu++0x";
				CLANG_CXX_LIBRARY = "libc++";
				CLANG_ENABLE_MODULES = YES;
				CLANG_ENABLE_OBJC_ARC = YES;
				CLANG_WARN_BOOL_CONVERSION = YES;
				CLANG_WARN_CONSTANT_CONVERSION = YES;
				CLANG_WARN_DIRECT_OBJC_ISA_USAGE = YES_ERROR;
				CLANG_WARN_EMPTY_BODY = YES;
				CLANG_WARN_ENUM_CONVERSION = YES;
				CLANG_WARN_INT_CONVERSION = YES;
				CLANG_WARN_OBJC_ROOT_CLASS = YES_ERROR;
				CLANG_WARN_UNREACHABLE_CODE = YES;
				CLANG_WARN__DUPLICATE_METHOD_MATCH = YES;
				CODE_SIGN_IDENTITY = "";
				"CODE_SIGN_IDENTITY[sdk=iphoneos*]" = "";
				COPY_PHASE_STRIP = NO;
				DEBUG_INFORMATION_FORMAT = dwarf;
				ENABLE_STRICT_OBJC_MSGSEND = YES;
				ENABLE_TESTABILITY = YES;
				GCC_C_LANGUAGE_STANDARD = gnu99;
				GCC_DYNAMIC_NO_PIC = NO;
				GCC_NO_COMMON_BLOCKS = YES;
				GCC_OPTIMIZATION_LEVEL = 0;
				GCC_PREPROCESSOR_DEFINITIONS = (
					"DEBUG=1",
					"$(inherited)",
				);
				GCC_WARN_64_TO_32_BIT_CONVERSION = YES;
				GCC_WARN_ABOUT_RETURN_TYPE = YES_ERROR;
				GCC_WARN_UNDECLARED_SELECTOR = YES;
				GCC_WARN_UNINITIALIZED_AUTOS = YES_AGGRESSIVE;
				GCC_WARN_UNUSED_FUNCTION = YES;
				GCC_WARN_UNUSED_VARIABLE = YES;
				IPHONEOS_DEPLOYMENT_TARGET = 8.0;
				MTL_ENABLE_DEBUG_INFO = YES;
				ONLY_ACTIVE_ARCH = YES;
				PROVISIONING_PROFILE = "";
				SDKROOT = iphoneos;
				SWIFT_OBJC_BRIDGING_HEADER = "STEMI/STEMI-Bridging-Header.h";
				SWIFT_OPTIMIZATION_LEVEL = "-Onone";
			};
			name = Debug;
		};
		065A5F721CA2F9EA00BED250 /* Release */ = {
			isa = XCBuildConfiguration;
			buildSettings = {
				ALWAYS_SEARCH_USER_PATHS = NO;
				CLANG_ANALYZER_NONNULL = YES;
				CLANG_CXX_LANGUAGE_STANDARD = "gnu++0x";
				CLANG_CXX_LIBRARY = "libc++";
				CLANG_ENABLE_MODULES = YES;
				CLANG_ENABLE_OBJC_ARC = YES;
				CLANG_WARN_BOOL_CONVERSION = YES;
				CLANG_WARN_CONSTANT_CONVERSION = YES;
				CLANG_WARN_DIRECT_OBJC_ISA_USAGE = YES_ERROR;
				CLANG_WARN_EMPTY_BODY = YES;
				CLANG_WARN_ENUM_CONVERSION = YES;
				CLANG_WARN_INT_CONVERSION = YES;
				CLANG_WARN_OBJC_ROOT_CLASS = YES_ERROR;
				CLANG_WARN_UNREACHABLE_CODE = YES;
				CLANG_WARN__DUPLICATE_METHOD_MATCH = YES;
				CODE_SIGN_IDENTITY = "";
				"CODE_SIGN_IDENTITY[sdk=iphoneos*]" = "";
				COPY_PHASE_STRIP = NO;
				DEBUG_INFORMATION_FORMAT = "dwarf-with-dsym";
				ENABLE_NS_ASSERTIONS = NO;
				ENABLE_STRICT_OBJC_MSGSEND = YES;
				GCC_C_LANGUAGE_STANDARD = gnu99;
				GCC_NO_COMMON_BLOCKS = YES;
				GCC_WARN_64_TO_32_BIT_CONVERSION = YES;
				GCC_WARN_ABOUT_RETURN_TYPE = YES_ERROR;
				GCC_WARN_UNDECLARED_SELECTOR = YES;
				GCC_WARN_UNINITIALIZED_AUTOS = YES_AGGRESSIVE;
				GCC_WARN_UNUSED_FUNCTION = YES;
				GCC_WARN_UNUSED_VARIABLE = YES;
				IPHONEOS_DEPLOYMENT_TARGET = 8.0;
				MTL_ENABLE_DEBUG_INFO = NO;
				PROVISIONING_PROFILE = "";
				SDKROOT = iphoneos;
				SWIFT_OBJC_BRIDGING_HEADER = "STEMI/STEMI-Bridging-Header.h";
				VALIDATE_PRODUCT = YES;
			};
			name = Release;
		};
		065A5F741CA2F9EA00BED250 /* Debug */ = {
			isa = XCBuildConfiguration;
			baseConfigurationReference = 3B9A0E0426C50B878F18B941 /* Pods-STEMI.debug.xcconfig */;
			buildSettings = {
				ASSETCATALOG_COMPILER_APPICON_NAME = AppIcon;
				CODE_SIGN_IDENTITY = "iPhone Developer";
				"CODE_SIGN_IDENTITY[sdk=iphoneos*]" = "iPhone Developer";
				FRAMEWORK_SEARCH_PATHS = (
					"$(inherited)",
					"$(PROJECT_DIR)/build/Debug-iphoneos",
				);
				INFOPLIST_FILE = STEMI/Info.plist;
				IPHONEOS_DEPLOYMENT_TARGET = 8.0;
				LD_RUNPATH_SEARCH_PATHS = "$(inherited) @executable_path/Frameworks";
				PRODUCT_BUNDLE_IDENTIFIER = com.aboualdan.STEMI;
				PRODUCT_NAME = "$(TARGET_NAME)";
				PROVISIONING_PROFILE = "";
				SWIFT_OBJC_BRIDGING_HEADER = "STEMI/STEMI-Bridging-Header.h";
			};
			name = Debug;
		};
		065A5F751CA2F9EA00BED250 /* Release */ = {
			isa = XCBuildConfiguration;
			baseConfigurationReference = 61A0678F21A8CADD8B523230 /* Pods-STEMI.release.xcconfig */;
			buildSettings = {
				ASSETCATALOG_COMPILER_APPICON_NAME = AppIcon;
				CODE_SIGN_IDENTITY = "iPhone Developer";
				"CODE_SIGN_IDENTITY[sdk=iphoneos*]" = "iPhone Developer";
				FRAMEWORK_SEARCH_PATHS = (
					"$(inherited)",
					"$(PROJECT_DIR)/build/Debug-iphoneos",
				);
				INFOPLIST_FILE = STEMI/Info.plist;
				IPHONEOS_DEPLOYMENT_TARGET = 8.0;
				LD_RUNPATH_SEARCH_PATHS = "$(inherited) @executable_path/Frameworks";
				PRODUCT_BUNDLE_IDENTIFIER = com.aboualdan.STEMI;
				PRODUCT_NAME = "$(TARGET_NAME)";
				PROVISIONING_PROFILE = "";
				SWIFT_OBJC_BRIDGING_HEADER = "STEMI/STEMI-Bridging-Header.h";
			};
			name = Release;
		};
		065A5F771CA2F9EA00BED250 /* Debug */ = {
			isa = XCBuildConfiguration;
			buildSettings = {
				BUNDLE_LOADER = "$(TEST_HOST)";
				INFOPLIST_FILE = STEMITests/Info.plist;
				LD_RUNPATH_SEARCH_PATHS = "$(inherited) @executable_path/Frameworks @loader_path/Frameworks";
				PRODUCT_BUNDLE_IDENTIFIER = com.aboualdan.STEMITests;
				PRODUCT_NAME = "$(TARGET_NAME)";
				TEST_HOST = "$(BUILT_PRODUCTS_DIR)/STEMI.app/STEMI";
			};
			name = Debug;
		};
		065A5F781CA2F9EA00BED250 /* Release */ = {
			isa = XCBuildConfiguration;
			buildSettings = {
				BUNDLE_LOADER = "$(TEST_HOST)";
				INFOPLIST_FILE = STEMITests/Info.plist;
				LD_RUNPATH_SEARCH_PATHS = "$(inherited) @executable_path/Frameworks @loader_path/Frameworks";
				PRODUCT_BUNDLE_IDENTIFIER = com.aboualdan.STEMITests;
				PRODUCT_NAME = "$(TARGET_NAME)";
				TEST_HOST = "$(BUILT_PRODUCTS_DIR)/STEMI.app/STEMI";
			};
			name = Release;
		};
		065A5F7A1CA2F9EA00BED250 /* Debug */ = {
			isa = XCBuildConfiguration;
			buildSettings = {
				INFOPLIST_FILE = STEMIUITests/Info.plist;
				LD_RUNPATH_SEARCH_PATHS = "$(inherited) @executable_path/Frameworks @loader_path/Frameworks";
				PRODUCT_BUNDLE_IDENTIFIER = com.aboualdan.STEMIUITests;
				PRODUCT_NAME = "$(TARGET_NAME)";
				TEST_TARGET_NAME = STEMI;
			};
			name = Debug;
		};
		065A5F7B1CA2F9EA00BED250 /* Release */ = {
			isa = XCBuildConfiguration;
			buildSettings = {
				INFOPLIST_FILE = STEMIUITests/Info.plist;
				LD_RUNPATH_SEARCH_PATHS = "$(inherited) @executable_path/Frameworks @loader_path/Frameworks";
				PRODUCT_BUNDLE_IDENTIFIER = com.aboualdan.STEMIUITests;
				PRODUCT_NAME = "$(TARGET_NAME)";
				TEST_TARGET_NAME = STEMI;
			};
			name = Release;
		};
/* End XCBuildConfiguration section */

/* Begin XCConfigurationList section */
		065A5F461CA2F9E900BED250 /* Build configuration list for PBXProject "STEMI" */ = {
			isa = XCConfigurationList;
			buildConfigurations = (
				065A5F711CA2F9EA00BED250 /* Debug */,
				065A5F721CA2F9EA00BED250 /* Release */,
			);
			defaultConfigurationIsVisible = 0;
			defaultConfigurationName = Release;
		};
		065A5F731CA2F9EA00BED250 /* Build configuration list for PBXNativeTarget "STEMI" */ = {
			isa = XCConfigurationList;
			buildConfigurations = (
				065A5F741CA2F9EA00BED250 /* Debug */,
				065A5F751CA2F9EA00BED250 /* Release */,
			);
			defaultConfigurationIsVisible = 0;
			defaultConfigurationName = Release;
		};
		065A5F761CA2F9EA00BED250 /* Build configuration list for PBXNativeTarget "STEMITests" */ = {
			isa = XCConfigurationList;
			buildConfigurations = (
				065A5F771CA2F9EA00BED250 /* Debug */,
				065A5F781CA2F9EA00BED250 /* Release */,
			);
			defaultConfigurationIsVisible = 0;
			defaultConfigurationName = Release;
		};
		065A5F791CA2F9EA00BED250 /* Build configuration list for PBXNativeTarget "STEMIUITests" */ = {
			isa = XCConfigurationList;
			buildConfigurations = (
				065A5F7A1CA2F9EA00BED250 /* Debug */,
				065A5F7B1CA2F9EA00BED250 /* Release */,
			);
			defaultConfigurationIsVisible = 0;
			defaultConfigurationName = Release;
		};
/* End XCConfigurationList section */
	};
	rootObject = 065A5F431CA2F9E900BED250 /* Project object */;
}
