// !$*UTF8*$!
{
	archiveVersion = 1;
	classes = {
	};
	objectVersion = 46;
	objects = {

/* Begin PBXBuildFile section */
		065A5F4F1CA2F9E900BED250 /* AppDelegate.swift in Sources */ = {isa = PBXBuildFile; fileRef = 065A5F4E1CA2F9E900BED250 /* AppDelegate.swift */; };
		065A5F511CA2F9E900BED250 /* ViewController.swift in Sources */ = {isa = PBXBuildFile; fileRef = 065A5F501CA2F9E900BED250 /* ViewController.swift */; };
		065A5F541CA2F9E900BED250 /* Main.storyboard in Resources */ = {isa = PBXBuildFile; fileRef = 065A5F521CA2F9E900BED250 /* Main.storyboard */; };
		065A5F561CA2F9E900BED250 /* Assets.xcassets in Resources */ = {isa = PBXBuildFile; fileRef = 065A5F551CA2F9E900BED250 /* Assets.xcassets */; };
		065A5F591CA2F9E900BED250 /* LaunchScreen.storyboard in Resources */ = {isa = PBXBuildFile; fileRef = 065A5F571CA2F9E900BED250 /* LaunchScreen.storyboard */; };
		065A5F641CA2F9E900BED250 /* STEMITests.swift in Sources */ = {isa = PBXBuildFile; fileRef = 065A5F631CA2F9E900BED250 /* STEMITests.swift */; };
		065A5F6F1CA2F9EA00BED250 /* STEMIUITests.swift in Sources */ = {isa = PBXBuildFile; fileRef = 065A5F6E1CA2F9EA00BED250 /* STEMIUITests.swift */; };
		2178A7A2B5547E87735F52BD /* Pods_STEMI.framework in Frameworks */ = {isa = PBXBuildFile; fileRef = 5A04191FECD54589E6E1435F /* Pods_STEMI.framework */; };
/* End PBXBuildFile section */

/* Begin PBXContainerItemProxy section */
		065A5F601CA2F9E900BED250 /* PBXContainerItemProxy */ = {
			isa = PBXContainerItemProxy;
			containerPortal = 065A5F431CA2F9E900BED250 /* Project object */;
			proxyType = 1;
			remoteGlobalIDString = 065A5F4A1CA2F9E900BED250;
			remoteInfo = STEMI;
		};
		065A5F6B1CA2F9E900BED250 /* PBXContainerItemProxy */ = {
			isa = PBXContainerItemProxy;
			containerPortal = 065A5F431CA2F9E900BED250 /* Project object */;
			proxyType = 1;
			remoteGlobalIDString = 065A5F4A1CA2F9E900BED250;
			remoteInfo = STEMI;
		};
/* End PBXContainerItemProxy section */

/* Begin PBXFileReference section */
		065A5F4B1CA2F9E900BED250 /* STEMI.app */ = {isa = PBXFileReference; explicitFileType = wrapper.application; includeInIndex = 0; path = STEMI.app; sourceTree = BUILT_PRODUCTS_DIR; };
		065A5F4E1CA2F9E900BED250 /* AppDelegate.swift */ = {isa = PBXFileReference; lastKnownFileType = sourcecode.swift; path = AppDelegate.swift; sourceTree = "<group>"; };
		065A5F501CA2F9E900BED250 /* ViewController.swift */ = {isa = PBXFileReference; lastKnownFileType = sourcecode.swift; path = ViewController.swift; sourceTree = "<group>"; };
		065A5F531CA2F9E900BED250 /* Base */ = {isa = PBXFileReference; lastKnownFileType = file.storyboard; name = Base; path = Base.lproj/Main.storyboard; sourceTree = "<group>"; };
		065A5F551CA2F9E900BED250 /* Assets.xcassets */ = {isa = PBXFileReference; lastKnownFileType = folder.assetcatalog; path = Assets.xcassets; sourceTree = "<group>"; };
		065A5F581CA2F9E900BED250 /* Base */ = {isa = PBXFileReference; lastKnownFileType = file.storyboard; name = Base; path = Base.lproj/LaunchScreen.storyboard; sourceTree = "<group>"; };
		065A5F5A1CA2F9E900BED250 /* Info.plist */ = {isa = PBXFileReference; lastKnownFileType = text.plist.xml; path = Info.plist; sourceTree = "<group>"; };
		065A5F5F1CA2F9E900BED250 /* STEMITests.xctest */ = {isa = PBXFileReference; explicitFileType = wrapper.cfbundle; includeInIndex = 0; path = STEMITests.xctest; sourceTree = BUILT_PRODUCTS_DIR; };
		065A5F631CA2F9E900BED250 /* STEMITests.swift */ = {isa = PBXFileReference; lastKnownFileType = sourcecode.swift; path = STEMITests.swift; sourceTree = "<group>"; };
		065A5F651CA2F9E900BED250 /* Info.plist */ = {isa = PBXFileReference; lastKnownFileType = text.plist.xml; path = Info.plist; sourceTree = "<group>"; };
		065A5F6A1CA2F9E900BED250 /* STEMIUITests.xctest */ = {isa = PBXFileReference; explicitFileType = wrapper.cfbundle; includeInIndex = 0; path = STEMIUITests.xctest; sourceTree = BUILT_PRODUCTS_DIR; };
		065A5F6E1CA2F9EA00BED250 /* STEMIUITests.swift */ = {isa = PBXFileReference; lastKnownFileType = sourcecode.swift; path = STEMIUITests.swift; sourceTree = "<group>"; };
		065A5F701CA2F9EA00BED250 /* Info.plist */ = {isa = PBXFileReference; lastKnownFileType = text.plist.xml; path = Info.plist; sourceTree = "<group>"; };
		1C4FC57DCA5D2B8086354181 /* Pods-STEMI.debug.xcconfig */ = {isa = PBXFileReference; includeInIndex = 1; lastKnownFileType = text.xcconfig; name = "Pods-STEMI.debug.xcconfig"; path = "Pods/Target Support Files/Pods-STEMI/Pods-STEMI.debug.xcconfig"; sourceTree = "<group>"; };
		5A04191FECD54589E6E1435F /* Pods_STEMI.framework */ = {isa = PBXFileReference; explicitFileType = wrapper.framework; includeInIndex = 0; path = Pods_STEMI.framework; sourceTree = BUILT_PRODUCTS_DIR; };
		F4B1E07142DF3F83DC126AE2 /* Pods-STEMI.release.xcconfig */ = {isa = PBXFileReference; includeInIndex = 1; lastKnownFileType = text.xcconfig; name = "Pods-STEMI.release.xcconfig"; path = "Pods/Target Support Files/Pods-STEMI/Pods-STEMI.release.xcconfig"; sourceTree = "<group>"; };
/* End PBXFileReference section */

/* Begin PBXFrameworksBuildPhase section */
		065A5F481CA2F9E900BED250 /* Frameworks */ = {
			isa = PBXFrameworksBuildPhase;
			buildActionMask = 2147483647;
			files = (
				2178A7A2B5547E87735F52BD /* Pods_STEMI.framework in Frameworks */,
			);
			runOnlyForDeploymentPostprocessing = 0;
		};
		065A5F5C1CA2F9E900BED250 /* Frameworks */ = {
			isa = PBXFrameworksBuildPhase;
			buildActionMask = 2147483647;
			files = (
			);
			runOnlyForDeploymentPostprocessing = 0;
		};
		065A5F671CA2F9E900BED250 /* Frameworks */ = {
			isa = PBXFrameworksBuildPhase;
			buildActionMask = 2147483647;
			files = (
			);
			runOnlyForDeploymentPostprocessing = 0;
		};
/* End PBXFrameworksBuildPhase section */

/* Begin PBXGroup section */
		065A5F421CA2F9E900BED250 = {
			isa = PBXGroup;
			children = (
				065A5F4D1CA2F9E900BED250 /* STEMI */,
				065A5F621CA2F9E900BED250 /* STEMITests */,
				065A5F6D1CA2F9E900BED250 /* STEMIUITests */,
				065A5F4C1CA2F9E900BED250 /* Products */,
				92F699F60A52A6CEE3A3DC63 /* Pods */,
				608F0A54A32C39406D5EC5A0 /* Frameworks */,
			);
			sourceTree = "<group>";
		};
		065A5F4C1CA2F9E900BED250 /* Products */ = {
			isa = PBXGroup;
			children = (
				065A5F4B1CA2F9E900BED250 /* STEMI.app */,
				065A5F5F1CA2F9E900BED250 /* STEMITests.xctest */,
				065A5F6A1CA2F9E900BED250 /* STEMIUITests.xctest */,
			);
			name = Products;
			sourceTree = "<group>";
		};
		065A5F4D1CA2F9E900BED250 /* STEMI */ = {
			isa = PBXGroup;
			children = (
				065A5F4E1CA2F9E900BED250 /* AppDelegate.swift */,
				065A5F501CA2F9E900BED250 /* ViewController.swift */,
				065A5F521CA2F9E900BED250 /* Main.storyboard */,
				065A5F551CA2F9E900BED250 /* Assets.xcassets */,
				065A5F571CA2F9E900BED250 /* LaunchScreen.storyboard */,
				065A5F5A1CA2F9E900BED250 /* Info.plist */,
			);
			path = STEMI;
			sourceTree = "<group>";
		};
		065A5F621CA2F9E900BED250 /* STEMITests */ = {
			isa = PBXGroup;
			children = (
				065A5F631CA2F9E900BED250 /* STEMITests.swift */,
				065A5F651CA2F9E900BED250 /* Info.plist */,
			);
			path = STEMITests;
			sourceTree = "<group>";
		};
		065A5F6D1CA2F9E900BED250 /* STEMIUITests */ = {
			isa = PBXGroup;
			children = (
				065A5F6E1CA2F9EA00BED250 /* STEMIUITests.swift */,
				065A5F701CA2F9EA00BED250 /* Info.plist */,
			);
			path = STEMIUITests;
			sourceTree = "<group>";
		};
		608F0A54A32C39406D5EC5A0 /* Frameworks */ = {
			isa = PBXGroup;
			children = (
				5A04191FECD54589E6E1435F /* Pods_STEMI.framework */,
			);
			name = Frameworks;
			sourceTree = "<group>";
		};
		92F699F60A52A6CEE3A3DC63 /* Pods */ = {
			isa = PBXGroup;
			children = (
				1C4FC57DCA5D2B8086354181 /* Pods-STEMI.debug.xcconfig */,
				F4B1E07142DF3F83DC126AE2 /* Pods-STEMI.release.xcconfig */,
			);
			name = Pods;
			sourceTree = "<group>";
		};
/* End PBXGroup section */

/* Begin PBXNativeTarget section */
		065A5F4A1CA2F9E900BED250 /* STEMI */ = {
			isa = PBXNativeTarget;
			buildConfigurationList = 065A5F731CA2F9EA00BED250 /* Build configuration list for PBXNativeTarget "STEMI" */;
			buildPhases = (
				4F363902C3F3E66EC0FFB414 /* Check Pods Manifest.lock */,
				065A5F471CA2F9E900BED250 /* Sources */,
				065A5F481CA2F9E900BED250 /* Frameworks */,
				065A5F491CA2F9E900BED250 /* Resources */,
				3D614430F599D4E8CBC3A4F8 /* Embed Pods Frameworks */,
				E5C79DC6DF9B357185F33ABA /* Copy Pods Resources */,
				065A5F7C1CA301B900BED250 /* ShellScript */,
			);
			buildRules = (
			);
			dependencies = (
			);
			name = STEMI;
			productName = STEMI;
			productReference = 065A5F4B1CA2F9E900BED250 /* STEMI.app */;
			productType = "com.apple.product-type.application";
		};
		065A5F5E1CA2F9E900BED250 /* STEMITests */ = {
			isa = PBXNativeTarget;
			buildConfigurationList = 065A5F761CA2F9EA00BED250 /* Build configuration list for PBXNativeTarget "STEMITests" */;
			buildPhases = (
				065A5F5B1CA2F9E900BED250 /* Sources */,
				065A5F5C1CA2F9E900BED250 /* Frameworks */,
				065A5F5D1CA2F9E900BED250 /* Resources */,
			);
			buildRules = (
			);
			dependencies = (
				065A5F611CA2F9E900BED250 /* PBXTargetDependency */,
			);
			name = STEMITests;
			productName = STEMITests;
			productReference = 065A5F5F1CA2F9E900BED250 /* STEMITests.xctest */;
			productType = "com.apple.product-type.bundle.unit-test";
		};
		065A5F691CA2F9E900BED250 /* STEMIUITests */ = {
			isa = PBXNativeTarget;
			buildConfigurationList = 065A5F791CA2F9EA00BED250 /* Build configuration list for PBXNativeTarget "STEMIUITests" */;
			buildPhases = (
				065A5F661CA2F9E900BED250 /* Sources */,
				065A5F671CA2F9E900BED250 /* Frameworks */,
				065A5F681CA2F9E900BED250 /* Resources */,
			);
			buildRules = (
			);
			dependencies = (
				065A5F6C1CA2F9E900BED250 /* PBXTargetDependency */,
			);
			name = STEMIUITests;
			productName = STEMIUITests;
			productReference = 065A5F6A1CA2F9E900BED250 /* STEMIUITests.xctest */;
			productType = "com.apple.product-type.bundle.ui-testing";
		};
/* End PBXNativeTarget section */

/* Begin PBXProject section */
		065A5F431CA2F9E900BED250 /* Project object */ = {
			isa = PBXProject;
			attributes = {
				LastSwiftUpdateCheck = 0730;
				LastUpgradeCheck = 0730;
				ORGANIZATIONNAME = "Jasmin Abou Aldan";
				TargetAttributes = {
					065A5F4A1CA2F9E900BED250 = {
						CreatedOnToolsVersion = 7.3;
						DevelopmentTeam = 9ZQJ38F5V6;
					};
					065A5F5E1CA2F9E900BED250 = {
						CreatedOnToolsVersion = 7.3;
						TestTargetID = 065A5F4A1CA2F9E900BED250;
					};
					065A5F691CA2F9E900BED250 = {
						CreatedOnToolsVersion = 7.3;
						TestTargetID = 065A5F4A1CA2F9E900BED250;
					};
				};
			};
			buildConfigurationList = 065A5F461CA2F9E900BED250 /* Build configuration list for PBXProject "STEMI" */;
			compatibilityVersion = "Xcode 3.2";
			developmentRegion = English;
			hasScannedForEncodings = 0;
			knownRegions = (
				en,
				Base,
			);
			mainGroup = 065A5F421CA2F9E900BED250;
			productRefGroup = 065A5F4C1CA2F9E900BED250 /* Products */;
			projectDirPath = "";
			projectRoot = "";
			targets = (
				065A5F4A1CA2F9E900BED250 /* STEMI */,
				065A5F5E1CA2F9E900BED250 /* STEMITests */,
				065A5F691CA2F9E900BED250 /* STEMIUITests */,
			);
		};
/* End PBXProject section */

/* Begin PBXResourcesBuildPhase section */
		065A5F491CA2F9E900BED250 /* Resources */ = {
			isa = PBXResourcesBuildPhase;
			buildActionMask = 2147483647;
			files = (
				065A5F591CA2F9E900BED250 /* LaunchScreen.storyboard in Resources */,
				065A5F561CA2F9E900BED250 /* Assets.xcassets in Resources */,
				065A5F541CA2F9E900BED250 /* Main.storyboard in Resources */,
			);
			runOnlyForDeploymentPostprocessing = 0;
		};
		065A5F5D1CA2F9E900BED250 /* Resources */ = {
			isa = PBXResourcesBuildPhase;
			buildActionMask = 2147483647;
			files = (
			);
			runOnlyForDeploymentPostprocessing = 0;
		};
		065A5F681CA2F9E900BED250 /* Resources */ = {
			isa = PBXResourcesBuildPhase;
			buildActionMask = 2147483647;
			files = (
			);
			runOnlyForDeploymentPostprocessing = 0;
		};
/* End PBXResourcesBuildPhase section */

/* Begin PBXShellScriptBuildPhase section */
		065A5F7C1CA301B900BED250 /* ShellScript */ = {
			isa = PBXShellScriptBuildPhase;
			buildActionMask = 2147483647;
			files = (
			);
			inputPaths = (
			);
			outputPaths = (
			);
			runOnlyForDeploymentPostprocessing = 0;
			shellPath = /bin/sh;
			shellScript = "\"${PODS_ROOT}/Fabric/run\" 530f4085ae719e7a9651dc41526d94e7804be9ca c1b816238fd9be85cb3340507dac66bd6d30a11f24051ee4748be0976d04e390";
		};
		3D614430F599D4E8CBC3A4F8 /* Embed Pods Frameworks */ = {
			isa = PBXShellScriptBuildPhase;
			buildActionMask = 2147483647;
			files = (
			);
			inputPaths = (
			);
			name = "Embed Pods Frameworks";
			outputPaths = (
			);
			runOnlyForDeploymentPostprocessing = 0;
			shellPath = /bin/sh;
			shellScript = "\"${SRCROOT}/Pods/Target Support Files/Pods-STEMI/Pods-STEMI-frameworks.sh\"\n";
			showEnvVarsInLog = 0;
		};
		4F363902C3F3E66EC0FFB414 /* Check Pods Manifest.lock */ = {
			isa = PBXShellScriptBuildPhase;
			buildActionMask = 2147483647;
			files = (
			);
			inputPaths = (
			);
			name = "Check Pods Manifest.lock";
			outputPaths = (
			);
			runOnlyForDeploymentPostprocessing = 0;
			shellPath = /bin/sh;
			shellScript = "diff \"${PODS_ROOT}/../Podfile.lock\" \"${PODS_ROOT}/Manifest.lock\" > /dev/null\nif [[ $? != 0 ]] ; then\n    cat << EOM\nerror: The sandbox is not in sync with the Podfile.lock. Run 'pod install' or update your CocoaPods installation.\nEOM\n    exit 1\nfi\n";
			showEnvVarsInLog = 0;
		};
		E5C79DC6DF9B357185F33ABA /* Copy Pods Resources */ = {
			isa = PBXShellScriptBuildPhase;
			buildActionMask = 2147483647;
			files = (
			);
			inputPaths = (
			);
			name = "Copy Pods Resources";
			outputPaths = (
			);
			runOnlyForDeploymentPostprocessing = 0;
			shellPath = /bin/sh;
			shellScript = "\"${SRCROOT}/Pods/Target Support Files/Pods-STEMI/Pods-STEMI-resources.sh\"\n";
			showEnvVarsInLog = 0;
		};
/* End PBXShellScriptBuildPhase section */

/* Begin PBXSourcesBuildPhase section */
		065A5F471CA2F9E900BED250 /* Sources */ = {
			isa = PBXSourcesBuildPhase;
			buildActionMask = 2147483647;
			files = (
				065A5F511CA2F9E900BED250 /* ViewController.swift in Sources */,
				065A5F4F1CA2F9E900BED250 /* AppDelegate.swift in Sources */,
			);
			runOnlyForDeploymentPostprocessing = 0;
		};
		065A5F5B1CA2F9E900BED250 /* Sources */ = {
			isa = PBXSourcesBuildPhase;
			buildActionMask = 2147483647;
			files = (
				065A5F641CA2F9E900BED250 /* STEMITests.swift in Sources */,
			);
			runOnlyForDeploymentPostprocessing = 0;
		};
		065A5F661CA2F9E900BED250 /* Sources */ = {
			isa = PBXSourcesBuildPhase;
			buildActionMask = 2147483647;
			files = (
				065A5F6F1CA2F9EA00BED250 /* STEMIUITests.swift in Sources */,
			);
			runOnlyForDeploymentPostprocessing = 0;
		};
/* End PBXSourcesBuildPhase section */

/* Begin PBXTargetDependency section */
		065A5F611CA2F9E900BED250 /* PBXTargetDependency */ = {
			isa = PBXTargetDependency;
			target = 065A5F4A1CA2F9E900BED250 /* STEMI */;
			targetProxy = 065A5F601CA2F9E900BED250 /* PBXContainerItemProxy */;
		};
		065A5F6C1CA2F9E900BED250 /* PBXTargetDependency */ = {
			isa = PBXTargetDependency;
			target = 065A5F4A1CA2F9E900BED250 /* STEMI */;
			targetProxy = 065A5F6B1CA2F9E900BED250 /* PBXContainerItemProxy */;
		};
/* End PBXTargetDependency section */

/* Begin PBXVariantGroup section */
		065A5F521CA2F9E900BED250 /* Main.storyboard */ = {
			isa = PBXVariantGroup;
			children = (
				065A5F531CA2F9E900BED250 /* Base */,
			);
			name = Main.storyboard;
			sourceTree = "<group>";
		};
		065A5F571CA2F9E900BED250 /* LaunchScreen.storyboard */ = {
			isa = PBXVariantGroup;
			children = (
				065A5F581CA2F9E900BED250 /* Base */,
			);
			name = LaunchScreen.storyboard;
			sourceTree = "<group>";
		};
/* End PBXVariantGroup section */

/* Begin XCBuildConfiguration section */
		065A5F711CA2F9EA00BED250 /* Debug */ = {
			isa = XCBuildConfiguration;
			buildSettings = {
				ALWAYS_SEARCH_USER_PATHS = NO;
				CLANG_ANALYZER_NONNULL = YES;
				CLANG_CXX_LANGUAGE_STANDARD = "gnu++0x";
				CLANG_CXX_LIBRARY = "libc++";
				CLANG_ENABLE_MODULES = YES;
				CLANG_ENABLE_OBJC_ARC = YES;
				CLANG_WARN_BOOL_CONVERSION = YES;
				CLANG_WARN_CONSTANT_CONVERSION = YES;
				CLANG_WARN_DIRECT_OBJC_ISA_USAGE = YES_ERROR;
				CLANG_WARN_EMPTY_BODY = YES;
				CLANG_WARN_ENUM_CONVERSION = YES;
				CLANG_WARN_INT_CONVERSION = YES;
				CLANG_WARN_OBJC_ROOT_CLASS = YES_ERROR;
				CLANG_WARN_UNREACHABLE_CODE = YES;
				CLANG_WARN__DUPLICATE_METHOD_MATCH = YES;
				"CODE_SIGN_IDENTITY[sdk=iphoneos*]" = "iPhone Developer";
				COPY_PHASE_STRIP = NO;
				DEBUG_INFORMATION_FORMAT = dwarf;
				ENABLE_STRICT_OBJC_MSGSEND = YES;
				ENABLE_TESTABILITY = YES;
				GCC_C_LANGUAGE_STANDARD = gnu99;
				GCC_DYNAMIC_NO_PIC = NO;
				GCC_NO_COMMON_BLOCKS = YES;
				GCC_OPTIMIZATION_LEVEL = 0;
				GCC_PREPROCESSOR_DEFINITIONS = (
					"DEBUG=1",
					"$(inherited)",
				);
				GCC_WARN_64_TO_32_BIT_CONVERSION = YES;
				GCC_WARN_ABOUT_RETURN_TYPE = YES_ERROR;
				GCC_WARN_UNDECLARED_SELECTOR = YES;
				GCC_WARN_UNINITIALIZED_AUTOS = YES_AGGRESSIVE;
				GCC_WARN_UNUSED_FUNCTION = YES;
				GCC_WARN_UNUSED_VARIABLE = YES;
				IPHONEOS_DEPLOYMENT_TARGET = 8.0;
				MTL_ENABLE_DEBUG_INFO = YES;
				ONLY_ACTIVE_ARCH = YES;
				SDKROOT = iphoneos;
				SWIFT_OPTIMIZATION_LEVEL = "-Onone";
			};
			name = Debug;
		};
		065A5F721CA2F9EA00BED250 /* Release */ = {
			isa = XCBuildConfiguration;
			buildSettings = {
				ALWAYS_SEARCH_USER_PATHS = NO;
				CLANG_ANALYZER_NONNULL = YES;
				CLANG_CXX_LANGUAGE_STANDARD = "gnu++0x";
				CLANG_CXX_LIBRARY = "libc++";
				CLANG_ENABLE_MODULES = YES;
				CLANG_ENABLE_OBJC_ARC = YES;
				CLANG_WARN_BOOL_CONVERSION = YES;
				CLANG_WARN_CONSTANT_CONVERSION = YES;
				CLANG_WARN_DIRECT_OBJC_ISA_USAGE = YES_ERROR;
				CLANG_WARN_EMPTY_BODY = YES;
				CLANG_WARN_ENUM_CONVERSION = YES;
				CLANG_WARN_INT_CONVERSION = YES;
				CLANG_WARN_OBJC_ROOT_CLASS = YES_ERROR;
				CLANG_WARN_UNREACHABLE_CODE = YES;
				CLANG_WARN__DUPLICATE_METHOD_MATCH = YES;
				"CODE_SIGN_IDENTITY[sdk=iphoneos*]" = "iPhone Developer";
				COPY_PHASE_STRIP = NO;
				DEBUG_INFORMATION_FORMAT = "dwarf-with-dsym";
				ENABLE_NS_ASSERTIONS = NO;
				ENABLE_STRICT_OBJC_MSGSEND = YES;
				GCC_C_LANGUAGE_STANDARD = gnu99;
				GCC_NO_COMMON_BLOCKS = YES;
				GCC_WARN_64_TO_32_BIT_CONVERSION = YES;
				GCC_WARN_ABOUT_RETURN_TYPE = YES_ERROR;
				GCC_WARN_UNDECLARED_SELECTOR = YES;
				GCC_WARN_UNINITIALIZED_AUTOS = YES_AGGRESSIVE;
				GCC_WARN_UNUSED_FUNCTION = YES;
				GCC_WARN_UNUSED_VARIABLE = YES;
				IPHONEOS_DEPLOYMENT_TARGET = 8.0;
				MTL_ENABLE_DEBUG_INFO = NO;
				SDKROOT = iphoneos;
				VALIDATE_PRODUCT = YES;
			};
			name = Release;
		};
		065A5F741CA2F9EA00BED250 /* Debug */ = {
			isa = XCBuildConfiguration;
			baseConfigurationReference = 1C4FC57DCA5D2B8086354181 /* Pods-STEMI.debug.xcconfig */;
			buildSettings = {
				ASSETCATALOG_COMPILER_APPICON_NAME = AppIcon;
				CODE_SIGN_IDENTITY = "iPhone Developer";
				INFOPLIST_FILE = STEMI/Info.plist;
				IPHONEOS_DEPLOYMENT_TARGET = 8.0;
				LD_RUNPATH_SEARCH_PATHS = "$(inherited) @executable_path/Frameworks";
				PRODUCT_BUNDLE_IDENTIFIER = com.aboualdan.STEMI;
				PRODUCT_NAME = "$(TARGET_NAME)";
			};
			name = Debug;
		};
		065A5F751CA2F9EA00BED250 /* Release */ = {
			isa = XCBuildConfiguration;
			baseConfigurationReference = F4B1E07142DF3F83DC126AE2 /* Pods-STEMI.release.xcconfig */;
			buildSettings = {
				ASSETCATALOG_COMPILER_APPICON_NAME = AppIcon;
				CODE_SIGN_IDENTITY = "iPhone Developer";
				INFOPLIST_FILE = STEMI/Info.plist;
				IPHONEOS_DEPLOYMENT_TARGET = 8.0;
				LD_RUNPATH_SEARCH_PATHS = "$(inherited) @executable_path/Frameworks";
				PRODUCT_BUNDLE_IDENTIFIER = com.aboualdan.STEMI;
				PRODUCT_NAME = "$(TARGET_NAME)";
			};
			name = Release;
		};
		065A5F771CA2F9EA00BED250 /* Debug */ = {
			isa = XCBuildConfiguration;
			buildSettings = {
				BUNDLE_LOADER = "$(TEST_HOST)";
				INFOPLIST_FILE = STEMITests/Info.plist;
				LD_RUNPATH_SEARCH_PATHS = "$(inherited) @executable_path/Frameworks @loader_path/Frameworks";
				PRODUCT_BUNDLE_IDENTIFIER = com.aboualdan.STEMITests;
				PRODUCT_NAME = "$(TARGET_NAME)";
				TEST_HOST = "$(BUILT_PRODUCTS_DIR)/STEMI.app/STEMI";
			};
			name = Debug;
		};
		065A5F781CA2F9EA00BED250 /* Release */ = {
			isa = XCBuildConfiguration;
			buildSettings = {
				BUNDLE_LOADER = "$(TEST_HOST)";
				INFOPLIST_FILE = STEMITests/Info.plist;
				LD_RUNPATH_SEARCH_PATHS = "$(inherited) @executable_path/Frameworks @loader_path/Frameworks";
				PRODUCT_BUNDLE_IDENTIFIER = com.aboualdan.STEMITests;
				PRODUCT_NAME = "$(TARGET_NAME)";
				TEST_HOST = "$(BUILT_PRODUCTS_DIR)/STEMI.app/STEMI";
			};
			name = Release;
		};
		065A5F7A1CA2F9EA00BED250 /* Debug */ = {
			isa = XCBuildConfiguration;
			buildSettings = {
				INFOPLIST_FILE = STEMIUITests/Info.plist;
				LD_RUNPATH_SEARCH_PATHS = "$(inherited) @executable_path/Frameworks @loader_path/Frameworks";
				PRODUCT_BUNDLE_IDENTIFIER = com.aboualdan.STEMIUITests;
				PRODUCT_NAME = "$(TARGET_NAME)";
				TEST_TARGET_NAME = STEMI;
			};
			name = Debug;
		};
		065A5F7B1CA2F9EA00BED250 /* Release */ = {
			isa = XCBuildConfiguration;
			buildSettings = {
				INFOPLIST_FILE = STEMIUITests/Info.plist;
				LD_RUNPATH_SEARCH_PATHS = "$(inherited) @executable_path/Frameworks @loader_path/Frameworks";
				PRODUCT_BUNDLE_IDENTIFIER = com.aboualdan.STEMIUITests;
				PRODUCT_NAME = "$(TARGET_NAME)";
				TEST_TARGET_NAME = STEMI;
			};
			name = Release;
		};
/* End XCBuildConfiguration section */

/* Begin XCConfigurationList section */
		065A5F461CA2F9E900BED250 /* Build configuration list for PBXProject "STEMI" */ = {
			isa = XCConfigurationList;
			buildConfigurations = (
				065A5F711CA2F9EA00BED250 /* Debug */,
				065A5F721CA2F9EA00BED250 /* Release */,
			);
			defaultConfigurationIsVisible = 0;
			defaultConfigurationName = Release;
		};
		065A5F731CA2F9EA00BED250 /* Build configuration list for PBXNativeTarget "STEMI" */ = {
			isa = XCConfigurationList;
			buildConfigurations = (
				065A5F741CA2F9EA00BED250 /* Debug */,
				065A5F751CA2F9EA00BED250 /* Release */,
			);
			defaultConfigurationIsVisible = 0;
			defaultConfigurationName = Release;
		};
		065A5F761CA2F9EA00BED250 /* Build configuration list for PBXNativeTarget "STEMITests" */ = {
			isa = XCConfigurationList;
			buildConfigurations = (
				065A5F771CA2F9EA00BED250 /* Debug */,
				065A5F781CA2F9EA00BED250 /* Release */,
			);
			defaultConfigurationIsVisible = 0;
			defaultConfigurationName = Release;
		};
		065A5F791CA2F9EA00BED250 /* Build configuration list for PBXNativeTarget "STEMIUITests" */ = {
			isa = XCConfigurationList;
			buildConfigurations = (
				065A5F7A1CA2F9EA00BED250 /* Debug */,
				065A5F7B1CA2F9EA00BED250 /* Release */,
			);
			defaultConfigurationIsVisible = 0;
			defaultConfigurationName = Release;
		};
/* End XCConfigurationList section */
	};
	rootObject = 065A5F431CA2F9E900BED250 /* Project object */;
}
